
Microsoft Visual Studio Solution File, Format Version 12.00
# Visual Studio Version 16
VisualStudioVersion = 16.0.31424.327
MinimumVisualStudioVersion = 10.0.40219.1
Project("{FAE04EC0-301F-11D3-BF4B-00C04F79EFBC}") = "Akash_SignalR_Demo", "Akash_SignalR_Demo\Akash_SignalR_Demo.csproj", "{6B635B00-4EC1-43D5-A4F6-0A0F32A4E5F8}"
EndProject
Global
	GlobalSection(SolutionConfigurationPlatforms) = preSolution
		Debug|Any CPU = Debug|Any CPU
		Release|Any CPU = Release|Any CPU
	EndGlobalSection
	GlobalSection(ProjectConfigurationPlatforms) = postSolution
		{6B635B00-4EC1-43D5-A4F6-0A0F32A4E5F8}.Debug|Any CPU.ActiveCfg = Debug|Any CPU
		{6B635B00-4EC1-43D5-A4F6-0A0F32A4E5F8}.Debug|Any CPU.Build.0 = Debug|Any CPU
		{6B635B00-4EC1-43D5-A4F6-0A0F32A4E5F8}.Release|Any CPU.ActiveCfg = Release|Any CPU
		{6B635B00-4EC1-43D5-A4F6-0A0F32A4E5F8}.Release|Any CPU.Build.0 = Release|Any CPU
	EndGlobalSection
	GlobalSection(SolutionProperties) = preSolution
		HideSolutionNode = FALSE
	EndGlobalSection
	GlobalSection(ExtensibilityGlobals) = postSolution
		SolutionGuid = {1A1AB103-5F74-4078-A5BC-39E0E814F791}
	EndGlobalSection
EndGlobal
